github.com/andrei-cosmin/sandata v1.0.0 h1:zj2PLZE2uosk8h7hfW581FlENnxgimQyXOzmFGa8Zsc=
github.com/andrei-cosmin/sandata v1.0.0/go.mod h1:FxOfv9A3/LnjJnZVDye1Cd5yLk+S/1b1flr7ob/5LC4=
github.com/andrei-cosmin/sandata v1.0.1 h1:ooASp46c8zLhD9bH/Z45C4Tvx595Vfhm8z7EDu2Szy0=
github.com/andrei-cosmin/sandata v1.0.1/go.mod h1:KBxP/E6aiTiAkaAEFZNJ+mOuKzjAgr6Ovu6ZXdHOIVU=
github.com/bits-and-blooms/bitset v1.13.0 h1:bAQ9OPNFYbGHV6Nez0tmNI0RiEu7/hxlYJRUA0wFAVE=
github.com/bits-and-blooms/bitset v1.13.0/go.mod h1:7hO7Gc7Pp1vODcmWvKMRA9BNmbv6a/7QIWpPxHddWR8=
github.com/davecgh/go-spew v1.1.1 h1:vj9j/u1bqnvCEfJOwUhtlOARqs3+rkHYY13jYWTU97c=
github.com/davecgh/go-spew v1.1.1/go.mod h1:J7Y8YcW2NihsgmVo/mv3lAwl/skON4iLHjSsI+c5H38=
github.com/mlange-42/arche v0.11.0 h1:zVvRlhYmZQBYKgXJQ4F6/4trEVmTKp3LrRtrNbRjwJE=
github.com/mlange-42/arche v0.11.0/go.mod h1:gJ5J8vBreqrf4TcBomBFPGnWdE5P3qa4LtxYHn1gDcg=
github.com/pmezard/go-difflib v1.0.0 h1:4DBwDE0NGyQoBHbLQYPwSUPoCMWR5BEzIk/f1lZbAQM=
github.com/pmezard/go-difflib v1.0.0/go.mod h1:iKH77koFhYxTK1pcRnkKkqfTogsbg7gZNVY4sRDYZ/4=
github.com/stretchr/testify v1.8.4 h1:CcVxjf3Q8PM0mHUKJCdn+eZZtm5yQwehR5yeSVQQcUk=
github.com/stretchr/testify v1.8.4/go.mod h1:sz/lmYIOXD/1dqDmKjjqLyZ2RngseejIcXlSw2iwfAo=
gopkg.in/check.v1 v0.0.0-20161208181325-20d25e280405 h1:yhCVgyC4o1eVCa2tZl7eS0r+SDo693bJlVdllGtEeKM=
gopkg.in/check.v1 v0.0.0-20161208181325-20d25e280405/go.mod h1:Co6ibVJAznAaIkqp8huTwlJQCZ016jof/cbN4VW5Yz0=
gopkg.in/yaml.v3 v3.0.1 h1:fxVm/GzAzEWqLHuvctI91KS9hhNmmWOoWu0XTYJS7CA=
gopkg.in/yaml.v3 v3.0.1/go.mod h1:K4uyk7z7BCEPqu6E+C64Yfv1cQ7kz7rIZviUmN+EgEM=
